
Microsoft Visual Studio Solution File, Format Version 12.00
# Visual Studio Version 17
VisualStudioVersion = 17.7.34003.232
MinimumVisualStudioVersion = 10.0.40219.1
Project("{9A19103F-16F7-4668-BE54-9A1E7A4F7556}") = "TodoListApp", "TodoListApp\TodoListApp.csproj", "{A3D41AA0-51D5-411D-8D65-8B4858980553}"
EndProject
Project("{FAE04EC0-301F-11D3-BF4B-00C04F79EFBC}") = "ConsoleTextIO", "ConsoleTextIO\ConsoleTextIO.csproj", "{5F0F62A1-A0FF-435A-8A04-5629736C030E}"
EndProject
Global
	GlobalSection(SolutionConfigurationPlatforms) = preSolution
		Debug|Any CPU = Debug|Any CPU
		Release|Any CPU = Release|Any CPU
	EndGlobalSection
	GlobalSection(ProjectConfigurationPlatforms) = postSolution
		{A3D41AA0-51D5-411D-8D65-8B4858980553}.Debug|Any CPU.ActiveCfg = Debug|Any CPU
		{A3D41AA0-51D5-411D-8D65-8B4858980553}.Debug|Any CPU.Build.0 = Debug|Any CPU
		{A3D41AA0-51D5-411D-8D65-8B4858980553}.Release|Any CPU.ActiveCfg = Release|Any CPU
		{A3D41AA0-51D5-411D-8D65-8B4858980553}.Release|Any CPU.Build.0 = Release|Any CPU
		{5F0F62A1-A0FF-435A-8A04-5629736C030E}.Debug|Any CPU.ActiveCfg = Debug|Any CPU
		{5F0F62A1-A0FF-435A-8A04-5629736C030E}.Debug|Any CPU.Build.0 = Debug|Any CPU
		{5F0F62A1-A0FF-435A-8A04-5629736C030E}.Release|Any CPU.ActiveCfg = Release|Any CPU
		{5F0F62A1-A0FF-435A-8A04-5629736C030E}.Release|Any CPU.Build.0 = Release|Any CPU
	EndGlobalSection
	GlobalSection(SolutionProperties) = preSolution
		HideSolutionNode = FALSE
	EndGlobalSection
	GlobalSection(ExtensibilityGlobals) = postSolution
		SolutionGuid = {936D642F-3562-4688-96BA-A0A6398CD905}
	EndGlobalSection
EndGlobal
